
Microsoft Visual Studio Solution File, Format Version 12.00
# Visual Studio 15
VisualStudioVersion = 15.0.26124.0
MinimumVisualStudioVersion = 15.0.26124.0
Project("{2150E333-8FDC-42A3-9474-1A3956D46DE8}") = "src", "src", "{629D5CA0-D861-401F-AE17-7E1BFB71EF55}"
EndProject
Project("{FAE04EC0-301F-11D3-BF4B-00C04F79EFBC}") = "GradeBook", "src\GradeBook\GradeBook.csproj", "{1AB04BE5-FB34-44A8-8130-D37338AF6256}"
EndProject
Project("{2150E333-8FDC-42A3-9474-1A3956D46DE8}") = "test", "test", "{B43AC149-D23A-47FD-9F69-49D99FFA48A0}"
EndProject
Project("{FAE04EC0-301F-11D3-BF4B-00C04F79EFBC}") = "GradeBook.Tests", "test\GradeBook.Tests\GradeBook.Tests.csproj", "{0038F580-B3B3-4D59-B181-411A36F9D4A1}"
EndProject
Global
	GlobalSection(SolutionConfigurationPlatforms) = preSolution
		Debug|Any CPU = Debug|Any CPU
		Debug|x64 = Debug|x64
		Debug|x86 = Debug|x86
		Release|Any CPU = Release|Any CPU
		Release|x64 = Release|x64
		Release|x86 = Release|x86
	EndGlobalSection
	GlobalSection(SolutionProperties) = preSolution
		HideSolutionNode = FALSE
	EndGlobalSection
	GlobalSection(ProjectConfigurationPlatforms) = postSolution
		{1AB04BE5-FB34-44A8-8130-D37338AF6256}.Debug|Any CPU.ActiveCfg = Debug|Any CPU
		{1AB04BE5-FB34-44A8-8130-D37338AF6256}.Debug|Any CPU.Build.0 = Debug|Any CPU
		{1AB04BE5-FB34-44A8-8130-D37338AF6256}.Debug|x64.ActiveCfg = Debug|Any CPU
		{1AB04BE5-FB34-44A8-8130-D37338AF6256}.Debug|x64.Build.0 = Debug|Any CPU
		{1AB04BE5-FB34-44A8-8130-D37338AF6256}.Debug|x86.ActiveCfg = Debug|Any CPU
		{1AB04BE5-FB34-44A8-8130-D37338AF6256}.Debug|x86.Build.0 = Debug|Any CPU
		{1AB04BE5-FB34-44A8-8130-D37338AF6256}.Release|Any CPU.ActiveCfg = Release|Any CPU
		{1AB04BE5-FB34-44A8-8130-D37338AF6256}.Release|Any CPU.Build.0 = Release|Any CPU
		{1AB04BE5-FB34-44A8-8130-D37338AF6256}.Release|x64.ActiveCfg = Release|Any CPU
		{1AB04BE5-FB34-44A8-8130-D37338AF6256}.Release|x64.Build.0 = Release|Any CPU
		{1AB04BE5-FB34-44A8-8130-D37338AF6256}.Release|x86.ActiveCfg = Release|Any CPU
		{1AB04BE5-FB34-44A8-8130-D37338AF6256}.Release|x86.Build.0 = Release|Any CPU
		{0038F580-B3B3-4D59-B181-411A36F9D4A1}.Debug|Any CPU.ActiveCfg = Debug|Any CPU
		{0038F580-B3B3-4D59-B181-411A36F9D4A1}.Debug|Any CPU.Build.0 = Debug|Any CPU
		{0038F580-B3B3-4D59-B181-411A36F9D4A1}.Debug|x64.ActiveCfg = Debug|Any CPU
		{0038F580-B3B3-4D59-B181-411A36F9D4A1}.Debug|x64.Build.0 = Debug|Any CPU
		{0038F580-B3B3-4D59-B181-411A36F9D4A1}.Debug|x86.ActiveCfg = Debug|Any CPU
		{0038F580-B3B3-4D59-B181-411A36F9D4A1}.Debug|x86.Build.0 = Debug|Any CPU
		{0038F580-B3B3-4D59-B181-411A36F9D4A1}.Release|Any CPU.ActiveCfg = Release|Any CPU
		{0038F580-B3B3-4D59-B181-411A36F9D4A1}.Release|Any CPU.Build.0 = Release|Any CPU
		{0038F580-B3B3-4D59-B181-411A36F9D4A1}.Release|x64.ActiveCfg = Release|Any CPU
		{0038F580-B3B3-4D59-B181-411A36F9D4A1}.Release|x64.Build.0 = Release|Any CPU
		{0038F580-B3B3-4D59-B181-411A36F9D4A1}.Release|x86.ActiveCfg = Release|Any CPU
		{0038F580-B3B3-4D59-B181-411A36F9D4A1}.Release|x86.Build.0 = Release|Any CPU
	EndGlobalSection
	GlobalSection(NestedProjects) = preSolution
		{1AB04BE5-FB34-44A8-8130-D37338AF6256} = {629D5CA0-D861-401F-AE17-7E1BFB71EF55}
		{0038F580-B3B3-4D59-B181-411A36F9D4A1} = {B43AC149-D23A-47FD-9F69-49D99FFA48A0}
	EndGlobalSection
EndGlobal
